// !$*UTF8*$!
{
	archiveVersion = 1;
	classes = {
	};
	objectVersion = 55;
	objects = {

/* Begin PBXBuildFile section */
		6A48124D27C3741E004AF486 /* AppDelegate.swift in Sources */ = {isa = PBXBuildFile; fileRef = 6A48124C27C3741E004AF486 /* AppDelegate.swift */; };
		6A48124F27C3741E004AF486 /* SceneDelegate.swift in Sources */ = {isa = PBXBuildFile; fileRef = 6A48124E27C3741E004AF486 /* SceneDelegate.swift */; };
		6A48125127C3741E004AF486 /* ViewController.swift in Sources */ = {isa = PBXBuildFile; fileRef = 6A48125027C3741E004AF486 /* ViewController.swift */; };
		6A48125427C3741E004AF486 /* Main.storyboard in Resources */ = {isa = PBXBuildFile; fileRef = 6A48125227C3741E004AF486 /* Main.storyboard */; };
		6A48125627C37421004AF486 /* Assets.xcassets in Resources */ = {isa = PBXBuildFile; fileRef = 6A48125527C37421004AF486 /* Assets.xcassets */; };
		6A48125927C37421004AF486 /* LaunchScreen.storyboard in Resources */ = {isa = PBXBuildFile; fileRef = 6A48125727C37421004AF486 /* LaunchScreen.storyboard */; };
		6A48126227C3742F004AF486 /* DataAccess.swift in Sources */ = {isa = PBXBuildFile; fileRef = 6A48126127C3742F004AF486 /* DataAccess.swift */; };
		6A48126527C37438004AF486 /* mvvm_movies.xcdatamodeld in Sources */ = {isa = PBXBuildFile; fileRef = 6A48126327C37438004AF486 /* mvvm_movies.xcdatamodeld */; };
		6A48136127C3752E004AF486 /* RootView.swift in Sources */ = {isa = PBXBuildFile; fileRef = 6A48136027C3752E004AF486 /* RootView.swift */; };
		6A48136327C37533004AF486 /* NowPlayingTableViewCell.swift in Sources */ = {isa = PBXBuildFile; fileRef = 6A48136227C37533004AF486 /* NowPlayingTableViewCell.swift */; };
		6A48136527C37538004AF486 /* PopularTableViewCell.swift in Sources */ = {isa = PBXBuildFile; fileRef = 6A48136427C37538004AF486 /* PopularTableViewCell.swift */; };
		6A48136727C37540004AF486 /* MovieCollectionViewCell.swift in Sources */ = {isa = PBXBuildFile; fileRef = 6A48136627C3753F004AF486 /* MovieCollectionViewCell.swift */; };
		6A48136927C37546004AF486 /* DetailView.swift in Sources */ = {isa = PBXBuildFile; fileRef = 6A48136827C37546004AF486 /* DetailView.swift */; };
		6A48136B27C3754C004AF486 /* MovieListView.swift in Sources */ = {isa = PBXBuildFile; fileRef = 6A48136A27C3754C004AF486 /* MovieListView.swift */; };
		6A48139627C37580004AF486 /* RootViewModel.swift in Sources */ = {isa = PBXBuildFile; fileRef = 6A48139527C37580004AF486 /* RootViewModel.swift */; };
		6A48139827C37585004AF486 /* MovieListViewModel.swift in Sources */ = {isa = PBXBuildFile; fileRef = 6A48139727C37585004AF486 /* MovieListViewModel.swift */; };
		6A48139A27C37589004AF486 /* DetailViewModel.swift in Sources */ = {isa = PBXBuildFile; fileRef = 6A48139927C37589004AF486 /* DetailViewModel.swift */; };
		6A48139C27C37590004AF486 /* Movie.swift in Sources */ = {isa = PBXBuildFile; fileRef = 6A48139B27C37590004AF486 /* Movie.swift */; };
		6A48139E27C37595004AF486 /* MovieDetail.swift in Sources */ = {isa = PBXBuildFile; fileRef = 6A48139D27C37595004AF486 /* MovieDetail.swift */; };
		6A4813A627C37A3E004AF486 /* RegisterViewController.swift in Sources */ = {isa = PBXBuildFile; fileRef = 6A4813A527C37A3E004AF486 /* RegisterViewController.swift */; };
/* End PBXBuildFile section */

/* Begin PBXFileReference section */
		6A48124927C3741E004AF486 /* prueba-isaaac.app */ = {isa = PBXFileReference; explicitFileType = wrapper.application; includeInIndex = 0; path = "prueba-isaaac.app"; sourceTree = BUILT_PRODUCTS_DIR; };
		6A48124C27C3741E004AF486 /* AppDelegate.swift */ = {isa = PBXFileReference; lastKnownFileType = sourcecode.swift; path = AppDelegate.swift; sourceTree = "<group>"; };
		6A48124E27C3741E004AF486 /* SceneDelegate.swift */ = {isa = PBXFileReference; lastKnownFileType = sourcecode.swift; path = SceneDelegate.swift; sourceTree = "<group>"; };
		6A48125027C3741E004AF486 /* ViewController.swift */ = {isa = PBXFileReference; lastKnownFileType = sourcecode.swift; path = ViewController.swift; sourceTree = "<group>"; };
		6A48125327C3741E004AF486 /* Base */ = {isa = PBXFileReference; lastKnownFileType = file.storyboard; name = Base; path = Base.lproj/Main.storyboard; sourceTree = "<group>"; };
		6A48125527C37421004AF486 /* Assets.xcassets */ = {isa = PBXFileReference; lastKnownFileType = folder.assetcatalog; path = Assets.xcassets; sourceTree = "<group>"; };
		6A48125827C37421004AF486 /* Base */ = {isa = PBXFileReference; lastKnownFileType = file.storyboard; name = Base; path = Base.lproj/LaunchScreen.storyboard; sourceTree = "<group>"; };
		6A48125A27C37421004AF486 /* Info.plist */ = {isa = PBXFileReference; lastKnownFileType = text.plist.xml; path = Info.plist; sourceTree = "<group>"; };
		6A48126127C3742F004AF486 /* DataAccess.swift */ = {isa = PBXFileReference; fileEncoding = 4; lastKnownFileType = sourcecode.swift; path = DataAccess.swift; sourceTree = "<group>"; };
		6A48126427C37438004AF486 /* mvvm_movies.xcdatamodel */ = {isa = PBXFileReference; lastKnownFileType = wrapper.xcdatamodel; path = mvvm_movies.xcdatamodel; sourceTree = "<group>"; };
		6A48136027C3752E004AF486 /* RootView.swift */ = {isa = PBXFileReference; fileEncoding = 4; lastKnownFileType = sourcecode.swift; path = RootView.swift; sourceTree = "<group>"; };
		6A48136227C37533004AF486 /* NowPlayingTableViewCell.swift */ = {isa = PBXFileReference; fileEncoding = 4; lastKnownFileType = sourcecode.swift; path = NowPlayingTableViewCell.swift; sourceTree = "<group>"; };
		6A48136427C37538004AF486 /* PopularTableViewCell.swift */ = {isa = PBXFileReference; fileEncoding = 4; lastKnownFileType = sourcecode.swift; path = PopularTableViewCell.swift; sourceTree = "<group>"; };
		6A48136627C3753F004AF486 /* MovieCollectionViewCell.swift */ = {isa = PBXFileReference; fileEncoding = 4; lastKnownFileType = sourcecode.swift; path = MovieCollectionViewCell.swift; sourceTree = "<group>"; };
		6A48136827C37546004AF486 /* DetailView.swift */ = {isa = PBXFileReference; fileEncoding = 4; lastKnownFileType = sourcecode.swift; path = DetailView.swift; sourceTree = "<group>"; };
		6A48136A27C3754C004AF486 /* MovieListView.swift */ = {isa = PBXFileReference; fileEncoding = 4; lastKnownFileType = sourcecode.swift; path = MovieListView.swift; sourceTree = "<group>"; };
		6A48139527C37580004AF486 /* RootViewModel.swift */ = {isa = PBXFileReference; fileEncoding = 4; lastKnownFileType = sourcecode.swift; path = RootViewModel.swift; sourceTree = "<group>"; };
		6A48139727C37585004AF486 /* MovieListViewModel.swift */ = {isa = PBXFileReference; fileEncoding = 4; lastKnownFileType = sourcecode.swift; path = MovieListViewModel.swift; sourceTree = "<group>"; };
		6A48139927C37589004AF486 /* DetailViewModel.swift */ = {isa = PBXFileReference; fileEncoding = 4; lastKnownFileType = sourcecode.swift; path = DetailViewModel.swift; sourceTree = "<group>"; };
		6A48139B27C37590004AF486 /* Movie.swift */ = {isa = PBXFileReference; fileEncoding = 4; lastKnownFileType = sourcecode.swift; path = Movie.swift; sourceTree = "<group>"; };
		6A48139D27C37595004AF486 /* MovieDetail.swift */ = {isa = PBXFileReference; fileEncoding = 4; lastKnownFileType = sourcecode.swift; path = MovieDetail.swift; sourceTree = "<group>"; };
		6A4813A527C37A3E004AF486 /* RegisterViewController.swift */ = {isa = PBXFileReference; fileEncoding = 4; lastKnownFileType = sourcecode.swift; path = RegisterViewController.swift; sourceTree = "<group>"; };
/* End PBXFileReference section */

/* Begin PBXFrameworksBuildPhase section */
		6A48124627C3741E004AF486 /* Frameworks */ = {
			isa = PBXFrameworksBuildPhase;
			buildActionMask = 2147483647;
			files = (
			);
			runOnlyForDeploymentPostprocessing = 0;
		};
/* End PBXFrameworksBuildPhase section */

/* Begin PBXGroup section */
		6A48124027C3741E004AF486 = {
			isa = PBXGroup;
			children = (
				6A48124B27C3741E004AF486 /* prueba-isaaac */,
				6A48124A27C3741E004AF486 /* Products */,
			);
			sourceTree = "<group>";
		};
		6A48124A27C3741E004AF486 /* Products */ = {
			isa = PBXGroup;
			children = (
				6A48124927C3741E004AF486 /* prueba-isaaac.app */,
			);
			name = Products;
			sourceTree = "<group>";
		};
		6A48124B27C3741E004AF486 /* prueba-isaaac */ = {
			isa = PBXGroup;
			children = (
				6A4813A227C376CD004AF486 /* View */,
				6A4813A127C376AE004AF486 /* Model */,
				6A4813A027C3768D004AF486 /* ViewModel */,
				6A48139F27C37676004AF486 /* Support */,
				6A48126027C3742F004AF486 /* Service */,
				6A48124C27C3741E004AF486 /* AppDelegate.swift */,
				6A48124E27C3741E004AF486 /* SceneDelegate.swift */,
				6A48125527C37421004AF486 /* Assets.xcassets */,
			);
			path = "prueba-isaaac";
			sourceTree = "<group>";
		};
		6A48126027C3742F004AF486 /* Service */ = {
			isa = PBXGroup;
			children = (
				6A48126127C3742F004AF486 /* DataAccess.swift */,
			);
			path = Service;
			sourceTree = "<group>";
		};
		6A48139F27C37676004AF486 /* Support */ = {
			isa = PBXGroup;
			children = (
				6A48125A27C37421004AF486 /* Info.plist */,
				6A48126327C37438004AF486 /* mvvm_movies.xcdatamodeld */,
			);
			name = Support;
			sourceTree = "<group>";
		};
		6A4813A027C3768D004AF486 /* ViewModel */ = {
			isa = PBXGroup;
			children = (
				6A48139527C37580004AF486 /* RootViewModel.swift */,
				6A48139727C37585004AF486 /* MovieListViewModel.swift */,
				6A48139927C37589004AF486 /* DetailViewModel.swift */,
			);
			name = ViewModel;
			sourceTree = "<group>";
		};
		6A4813A127C376AE004AF486 /* Model */ = {
			isa = PBXGroup;
			children = (
				6A48139D27C37595004AF486 /* MovieDetail.swift */,
				6A48139B27C37590004AF486 /* Movie.swift */,
			);
			path = Model;
			sourceTree = "<group>";
		};
		6A4813A227C376CD004AF486 /* View */ = {
			isa = PBXGroup;
			children = (
				6A4813A527C37A3E004AF486 /* RegisterViewController.swift */,
				6A48125027C3741E004AF486 /* ViewController.swift */,
				6A48125727C37421004AF486 /* LaunchScreen.storyboard */,
				6A48136A27C3754C004AF486 /* MovieListView.swift */,
				6A48136827C37546004AF486 /* DetailView.swift */,
				6A48136627C3753F004AF486 /* MovieCollectionViewCell.swift */,
				6A48136427C37538004AF486 /* PopularTableViewCell.swift */,
				6A48136227C37533004AF486 /* NowPlayingTableViewCell.swift */,
				6A48136027C3752E004AF486 /* RootView.swift */,
				6A48125227C3741E004AF486 /* Main.storyboard */,
			);
			name = View;
			sourceTree = "<group>";
		};
/* End PBXGroup section */

/* Begin PBXNativeTarget section */
		6A48124827C3741E004AF486 /* prueba-isaaac */ = {
			isa = PBXNativeTarget;
			buildConfigurationList = 6A48125D27C37421004AF486 /* Build configuration list for PBXNativeTarget "prueba-isaaac" */;
			buildPhases = (
				6A48124527C3741E004AF486 /* Sources */,
				6A48124627C3741E004AF486 /* Frameworks */,
				6A48124727C3741E004AF486 /* Resources */,
			);
			buildRules = (
			);
			dependencies = (
			);
			name = "prueba-isaaac";
			productName = "prueba-isaaac";
			productReference = 6A48124927C3741E004AF486 /* prueba-isaaac.app */;
			productType = "com.apple.product-type.application";
		};
/* End PBXNativeTarget section */

/* Begin PBXProject section */
		6A48124127C3741E004AF486 /* Project object */ = {
			isa = PBXProject;
			attributes = {
				BuildIndependentTargetsInParallel = 1;
				LastSwiftUpdateCheck = 1320;
				LastUpgradeCheck = 1320;
				TargetAttributes = {
					6A48124827C3741E004AF486 = {
						CreatedOnToolsVersion = 13.2.1;
					};
				};
			};
			buildConfigurationList = 6A48124427C3741E004AF486 /* Build configuration list for PBXProject "prueba-isaaac" */;
			compatibilityVersion = "Xcode 13.0";
			developmentRegion = en;
			hasScannedForEncodings = 0;
			knownRegions = (
				en,
				Base,
			);
			mainGroup = 6A48124027C3741E004AF486;
			productRefGroup = 6A48124A27C3741E004AF486 /* Products */;
			projectDirPath = "";
			projectRoot = "";
			targets = (
				6A48124827C3741E004AF486 /* prueba-isaaac */,
			);
		};
/* End PBXProject section */

/* Begin PBXResourcesBuildPhase section */
		6A48124727C3741E004AF486 /* Resources */ = {
			isa = PBXResourcesBuildPhase;
			buildActionMask = 2147483647;
			files = (
				6A48125927C37421004AF486 /* LaunchScreen.storyboard in Resources */,
				6A48125627C37421004AF486 /* Assets.xcassets in Resources */,
				6A48125427C3741E004AF486 /* Main.storyboard in Resources */,
			);
			runOnlyForDeploymentPostprocessing = 0;
		};
/* End PBXResourcesBuildPhase section */

/* Begin PBXSourcesBuildPhase section */
		6A48124527C3741E004AF486 /* Sources */ = {
			isa = PBXSourcesBuildPhase;
			buildActionMask = 2147483647;
			files = (
				6A48125127C3741E004AF486 /* ViewController.swift in Sources */,
				6A48136B27C3754C004AF486 /* MovieListView.swift in Sources */,
				6A48126527C37438004AF486 /* mvvm_movies.xcdatamodeld in Sources */,
				6A48136127C3752E004AF486 /* RootView.swift in Sources */,
				6A48136927C37546004AF486 /* DetailView.swift in Sources */,
				6A48139827C37585004AF486 /* MovieListViewModel.swift in Sources */,
				6A48136527C37538004AF486 /* PopularTableViewCell.swift in Sources */,
				6A48124D27C3741E004AF486 /* AppDelegate.swift in Sources */,
				6A48136327C37533004AF486 /* NowPlayingTableViewCell.swift in Sources */,
				6A48139A27C37589004AF486 /* DetailViewModel.swift in Sources */,
				6A48136727C37540004AF486 /* MovieCollectionViewCell.swift in Sources */,
				6A48124F27C3741E004AF486 /* SceneDelegate.swift in Sources */,
				6A48139627C37580004AF486 /* RootViewModel.swift in Sources */,
				6A4813A627C37A3E004AF486 /* RegisterViewController.swift in Sources */,
				6A48126227C3742F004AF486 /* DataAccess.swift in Sources */,
				6A48139C27C37590004AF486 /* Movie.swift in Sources */,
				6A48139E27C37595004AF486 /* MovieDetail.swift in Sources */,
			);
			runOnlyForDeploymentPostprocessing = 0;
		};
/* End PBXSourcesBuildPhase section */

/* Begin PBXVariantGroup section */
		6A48125227C3741E004AF486 /* Main.storyboard */ = {
			isa = PBXVariantGroup;
			children = (
				6A48125327C3741E004AF486 /* Base */,
			);
			name = Main.storyboard;
			sourceTree = "<group>";
		};
		6A48125727C37421004AF486 /* LaunchScreen.storyboard */ = {
			isa = PBXVariantGroup;
			children = (
				6A48125827C37421004AF486 /* Base */,
			);
			name = LaunchScreen.storyboard;
			sourceTree = "<group>";
		};
/* End PBXVariantGroup section */

/* Begin XCBuildConfiguration section */
		6A48125B27C37421004AF486 /* Debug */ = {
			isa = XCBuildConfiguration;
			buildSettings = {
				ALWAYS_SEARCH_USER_PATHS = NO;
				CLANG_ANALYZER_NONNULL = YES;
				CLANG_ANALYZER_NUMBER_OBJECT_CONVERSION = YES_AGGRESSIVE;
				CLANG_CXX_LANGUAGE_STANDARD = "gnu++17";
				CLANG_CXX_LIBRARY = "libc++";
				CLANG_ENABLE_MODULES = YES;
				CLANG_ENABLE_OBJC_ARC = YES;
				CLANG_ENABLE_OBJC_WEAK = YES;
				CLANG_WARN_BLOCK_CAPTURE_AUTORELEASING = YES;
				CLANG_WARN_BOOL_CONVERSION = YES;
				CLANG_WARN_COMMA = YES;
				CLANG_WARN_CONSTANT_CONVERSION = YES;
				CLANG_WARN_DEPRECATED_OBJC_IMPLEMENTATIONS = YES;
				CLANG_WARN_DIRECT_OBJC_ISA_USAGE = YES_ERROR;
				CLANG_WARN_DOCUMENTATION_COMMENTS = YES;
				CLANG_WARN_EMPTY_BODY = YES;
				CLANG_WARN_ENUM_CONVERSION = YES;
				CLANG_WARN_INFINITE_RECURSION = YES;
				CLANG_WARN_INT_CONVERSION = YES;
				CLANG_WARN_NON_LITERAL_NULL_CONVERSION = YES;
				CLANG_WARN_OBJC_IMPLICIT_RETAIN_SELF = YES;
				CLANG_WARN_OBJC_LITERAL_CONVERSION = YES;
				CLANG_WARN_OBJC_ROOT_CLASS = YES_ERROR;
				CLANG_WARN_QUOTED_INCLUDE_IN_FRAMEWORK_HEADER = YES;
				CLANG_WARN_RANGE_LOOP_ANALYSIS = YES;
				CLANG_WARN_STRICT_PROTOTYPES = YES;
				CLANG_WARN_SUSPICIOUS_MOVE = YES;
				CLANG_WARN_UNGUARDED_AVAILABILITY = YES_AGGRESSIVE;
				CLANG_WARN_UNREACHABLE_CODE = YES;
				CLANG_WARN__DUPLICATE_METHOD_MATCH = YES;
				COPY_PHASE_STRIP = NO;
				DEBUG_INFORMATION_FORMAT = dwarf;
				ENABLE_STRICT_OBJC_MSGSEND = YES;
				ENABLE_TESTABILITY = YES;
				GCC_C_LANGUAGE_STANDARD = gnu11;
				GCC_DYNAMIC_NO_PIC = NO;
				GCC_NO_COMMON_BLOCKS = YES;
				GCC_OPTIMIZATION_LEVEL = 0;
				GCC_PREPROCESSOR_DEFINITIONS = (
					"DEBUG=1",
					"$(inherited)",
				);
				GCC_WARN_64_TO_32_BIT_CONVERSION = YES;
				GCC_WARN_ABOUT_RETURN_TYPE = YES_ERROR;
				GCC_WARN_UNDECLARED_SELECTOR = YES;
				GCC_WARN_UNINITIALIZED_AUTOS = YES_AGGRESSIVE;
				GCC_WARN_UNUSED_FUNCTION = YES;
				GCC_WARN_UNUSED_VARIABLE = YES;
				IPHONEOS_DEPLOYMENT_TARGET = 15.2;
				MTL_ENABLE_DEBUG_INFO = INCLUDE_SOURCE;
				MTL_FAST_MATH = YES;
				ONLY_ACTIVE_ARCH = YES;
				SDKROOT = iphoneos;
				SWIFT_ACTIVE_COMPILATION_CONDITIONS = DEBUG;
				SWIFT_OPTIMIZATION_LEVEL = "-Onone";
			};
			name = Debug;
		};
		6A48125C27C37421004AF486 /* Release */ = {
			isa = XCBuildConfiguration;
			buildSettings = {
				ALWAYS_SEARCH_USER_PATHS = NO;
				CLANG_ANALYZER_NONNULL = YES;
				CLANG_ANALYZER_NUMBER_OBJECT_CONVERSION = YES_AGGRESSIVE;
				CLANG_CXX_LANGUAGE_STANDARD = "gnu++17";
				CLANG_CXX_LIBRARY = "libc++";
				CLANG_ENABLE_MODULES = YES;
				CLANG_ENABLE_OBJC_ARC = YES;
				CLANG_ENABLE_OBJC_WEAK = YES;
				CLANG_WARN_BLOCK_CAPTURE_AUTORELEASING = YES;
				CLANG_WARN_BOOL_CONVERSION = YES;
				CLANG_WARN_COMMA = YES;
				CLANG_WARN_CONSTANT_CONVERSION = YES;
				CLANG_WARN_DEPRECATED_OBJC_IMPLEMENTATIONS = YES;
				CLANG_WARN_DIRECT_OBJC_ISA_USAGE = YES_ERROR;
				CLANG_WARN_DOCUMENTATION_COMMENTS = YES;
				CLANG_WARN_EMPTY_BODY = YES;
				CLANG_WARN_ENUM_CONVERSION = YES;
				CLANG_WARN_INFINITE_RECURSION = YES;
				CLANG_WARN_INT_CONVERSION = YES;
				CLANG_WARN_NON_LITERAL_NULL_CONVERSION = YES;
				CLANG_WARN_OBJC_IMPLICIT_RETAIN_SELF = YES;
				CLANG_WARN_OBJC_LITERAL_CONVERSION = YES;
				CLANG_WARN_OBJC_ROOT_CLASS = YES_ERROR;
				CLANG_WARN_QUOTED_INCLUDE_IN_FRAMEWORK_HEADER = YES;
				CLANG_WARN_RANGE_LOOP_ANALYSIS = YES;
				CLANG_WARN_STRICT_PROTOTYPES = YES;
				CLANG_WARN_SUSPICIOUS_MOVE = YES;
				CLANG_WARN_UNGUARDED_AVAILABILITY = YES_AGGRESSIVE;
				CLANG_WARN_UNREACHABLE_CODE = YES;
				CLANG_WARN__DUPLICATE_METHOD_MATCH = YES;
				COPY_PHASE_STRIP = NO;
				DEBUG_INFORMATION_FORMAT = "dwarf-with-dsym";
				ENABLE_NS_ASSERTIONS = NO;
				ENABLE_STRICT_OBJC_MSGSEND = YES;
				GCC_C_LANGUAGE_STANDARD = gnu11;
				GCC_NO_COMMON_BLOCKS = YES;
				GCC_WARN_64_TO_32_BIT_CONVERSION = YES;
				GCC_WARN_ABOUT_RETURN_TYPE = YES_ERROR;
				GCC_WARN_UNDECLARED_SELECTOR = YES;
				GCC_WARN_UNINITIALIZED_AUTOS = YES_AGGRESSIVE;
				GCC_WARN_UNUSED_FUNCTION = YES;
				GCC_WARN_UNUSED_VARIABLE = YES;
				IPHONEOS_DEPLOYMENT_TARGET = 15.2;
				MTL_ENABLE_DEBUG_INFO = NO;
				MTL_FAST_MATH = YES;
				SDKROOT = iphoneos;
				SWIFT_COMPILATION_MODE = wholemodule;
				SWIFT_OPTIMIZATION_LEVEL = "-O";
				VALIDATE_PRODUCT = YES;
			};
			name = Release;
		};
		6A48125E27C37421004AF486 /* Debug */ = {
			isa = XCBuildConfiguration;
			buildSettings = {
				ASSETCATALOG_COMPILER_APPICON_NAME = AppIcon;
				ASSETCATALOG_COMPILER_GLOBAL_ACCENT_COLOR_NAME = AccentColor;
				CODE_SIGN_STYLE = Automatic;
				CURRENT_PROJECT_VERSION = 1;
				DEVELOPMENT_TEAM = 9TM8LY638F;
				GENERATE_INFOPLIST_FILE = YES;
				INFOPLIST_FILE = "prueba-isaaac/Info.plist";
				INFOPLIST_KEY_UIApplicationSupportsIndirectInputEvents = YES;
				INFOPLIST_KEY_UILaunchStoryboardName = LaunchScreen;
				INFOPLIST_KEY_UIMainStoryboardFile = Main;
				INFOPLIST_KEY_UISupportedInterfaceOrientations_iPad = "UIInterfaceOrientationPortrait UIInterfaceOrientationPortraitUpsideDown UIInterfaceOrientationLandscapeLeft UIInterfaceOrientationLandscapeRight";
				INFOPLIST_KEY_UISupportedInterfaceOrientations_iPhone = "UIInterfaceOrientationPortrait UIInterfaceOrientationLandscapeLeft UIInterfaceOrientationLandscapeRight";
				LD_RUNPATH_SEARCH_PATHS = (
					"$(inherited)",
					"@executable_path/Frameworks",
				);
				MARKETING_VERSION = 1.0;
				PRODUCT_BUNDLE_IDENTIFIER = "isaac.prueba-isaaac";
				PRODUCT_NAME = "$(TARGET_NAME)";
				SWIFT_EMIT_LOC_STRINGS = YES;
				SWIFT_VERSION = 5.0;
				TARGETED_DEVICE_FAMILY = "1,2";
			};
			name = Debug;
		};
		6A48125F27C37421004AF486 /* Release */ = {
			isa = XCBuildConfiguration;
			buildSettings = {
				ASSETCATALOG_COMPILER_APPICON_NAME = AppIcon;
				ASSETCATALOG_COMPILER_GLOBAL_ACCENT_COLOR_NAME = AccentColor;
				CODE_SIGN_STYLE = Automatic;
				CURRENT_PROJECT_VERSION = 1;
				DEVELOPMENT_TEAM = 9TM8LY638F;
				GENERATE_INFOPLIST_FILE = YES;
				INFOPLIST_FILE = "prueba-isaaac/Info.plist";
				INFOPLIST_KEY_UIApplicationSupportsIndirectInputEvents = YES;
				INFOPLIST_KEY_UILaunchStoryboardName = LaunchScreen;
				INFOPLIST_KEY_UIMainStoryboardFile = Main;
				INFOPLIST_KEY_UISupportedInterfaceOrientations_iPad = "UIInterfaceOrientationPortrait UIInterfaceOrientationPortraitUpsideDown UIInterfaceOrientationLandscapeLeft UIInterfaceOrientationLandscapeRight";
				INFOPLIST_KEY_UISupportedInterfaceOrientations_iPhone = "UIInterfaceOrientationPortrait UIInterfaceOrientationLandscapeLeft UIInterfaceOrientationLandscapeRight";
				LD_RUNPATH_SEARCH_PATHS = (
					"$(inherited)",
					"@executable_path/Frameworks",
				);
				MARKETING_VERSION = 1.0;
				PRODUCT_BUNDLE_IDENTIFIER = "isaac.prueba-isaaac";
				PRODUCT_NAME = "$(TARGET_NAME)";
				SWIFT_EMIT_LOC_STRINGS = YES;
				SWIFT_VERSION = 5.0;
				TARGETED_DEVICE_FAMILY = "1,2";
			};
			name = Release;
		};
/* End XCBuildConfiguration section */

/* Begin XCConfigurationList section */
		6A48124427C3741E004AF486 /* Build configuration list for PBXProject "prueba-isaaac" */ = {
			isa = XCConfigurationList;
			buildConfigurations = (
				6A48125B27C37421004AF486 /* Debug */,
				6A48125C27C37421004AF486 /* Release */,
			);
			defaultConfigurationIsVisible = 0;
			defaultConfigurationName = Release;
		};
		6A48125D27C37421004AF486 /* Build configuration list for PBXNativeTarget "prueba-isaaac" */ = {
			isa = XCConfigurationList;
			buildConfigurations = (
				6A48125E27C37421004AF486 /* Debug */,
				6A48125F27C37421004AF486 /* Release */,
			);
			defaultConfigurationIsVisible = 0;
			defaultConfigurationName = Release;
		};
/* End XCConfigurationList section */

/* Begin XCVersionGroup section */
		6A48126327C37438004AF486 /* mvvm_movies.xcdatamodeld */ = {
			isa = XCVersionGroup;
			children = (
				6A48126427C37438004AF486 /* mvvm_movies.xcdatamodel */,
			);
			currentVersion = 6A48126427C37438004AF486 /* mvvm_movies.xcdatamodel */;
			path = mvvm_movies.xcdatamodeld;
			sourceTree = "<group>";
			versionGroupType = wrapper.xcdatamodel;
		};
/* End XCVersionGroup section */
	};
	rootObject = 6A48124127C3741E004AF486 /* Project object */;
}
